// !$*UTF8*$!
{
	archiveVersion = 1;
	classes = {
	};
	objectVersion = 56;
	objects = {

/* Begin PBXBuildFile section */
		B80430D52B04E89000383D88 /* MedalView.swift in Sources */ = {isa = PBXBuildFile; fileRef = B80430D42B04E89000383D88 /* MedalView.swift */; };
		B804F3422B0C94150088B4EF /* KakaoSDKAuth in Frameworks */ = {isa = PBXBuildFile; productRef = B804F3412B0C94150088B4EF /* KakaoSDKAuth */; };
		B804F3442B0C94150088B4EF /* KakaoSDKCommon in Frameworks */ = {isa = PBXBuildFile; productRef = B804F3432B0C94150088B4EF /* KakaoSDKCommon */; };
		B804F3462B0C94150088B4EF /* KakaoSDKUser in Frameworks */ = {isa = PBXBuildFile; productRef = B804F3452B0C94150088B4EF /* KakaoSDKUser */; };
		B804F3492B0DC0970088B4EF /* MyPage.swift in Sources */ = {isa = PBXBuildFile; fileRef = B804F3482B0DC0970088B4EF /* MyPage.swift */; };
		B80B1E092AFB377C00C87CA6 /* MatchDetail.swift in Sources */ = {isa = PBXBuildFile; fileRef = B80B1E082AFB377C00C87CA6 /* MatchDetail.swift */; };
		B84064272AFF73BD00C46D41 /* MetricsView.swift in Sources */ = {isa = PBXBuildFile; fileRef = B840641E2AFF73BD00C46D41 /* MetricsView.swift */; };
		B84064282AFF73BD00C46D41 /* SummaryView.swift in Sources */ = {isa = PBXBuildFile; fileRef = B840641F2AFF73BD00C46D41 /* SummaryView.swift */; };
		B84064292AFF73BD00C46D41 /* Counter2.swift in Sources */ = {isa = PBXBuildFile; fileRef = B84064202AFF73BD00C46D41 /* Counter2.swift */; };
		B840642A2AFF73BD00C46D41 /* SessionPagingView.swift in Sources */ = {isa = PBXBuildFile; fileRef = B84064212AFF73BD00C46D41 /* SessionPagingView.swift */; };
		B840642B2AFF73BD00C46D41 /* ControlsView.swift in Sources */ = {isa = PBXBuildFile; fileRef = B84064222AFF73BD00C46D41 /* ControlsView.swift */; };
		B840642C2AFF73BD00C46D41 /* Counter.swift in Sources */ = {isa = PBXBuildFile; fileRef = B84064232AFF73BD00C46D41 /* Counter.swift */; };
		B840642D2AFF73BD00C46D41 /* ScoreView.swift in Sources */ = {isa = PBXBuildFile; fileRef = B84064242AFF73BD00C46D41 /* ScoreView.swift */; };
		B840642E2AFF73BD00C46D41 /* ActivityRingsView.swift in Sources */ = {isa = PBXBuildFile; fileRef = B84064252AFF73BD00C46D41 /* ActivityRingsView.swift */; };
		B840642F2AFF73BD00C46D41 /* ElapsedTimeView.swift in Sources */ = {isa = PBXBuildFile; fileRef = B84064262AFF73BD00C46D41 /* ElapsedTimeView.swift */; };
		B840645F2AFF75D600C46D41 /* SavedDataView.swift in Sources */ = {isa = PBXBuildFile; fileRef = B840645E2AFF75D600C46D41 /* SavedDataView.swift */; };
		B84C96EB2B035090001106C6 /* UserImage.swift in Sources */ = {isa = PBXBuildFile; fileRef = B84C96EA2B035090001106C6 /* UserImage.swift */; };
		B84C96ED2B0350B5001106C6 /* User.swift in Sources */ = {isa = PBXBuildFile; fileRef = B84C96EC2B0350B5001106C6 /* User.swift */; };
		B84C96EF2B0356B3001106C6 /* RecentSwing.swift in Sources */ = {isa = PBXBuildFile; fileRef = B84C96EE2B0356B3001106C6 /* RecentSwing.swift */; };
		B84C96F12B0356C5001106C6 /* RecentMatch.swift in Sources */ = {isa = PBXBuildFile; fileRef = B84C96F02B0356C5001106C6 /* RecentMatch.swift */; };
		B877E6FE2AF8F9C800BF347E /* Summary.swift in Sources */ = {isa = PBXBuildFile; fileRef = B877E6FD2AF8F9C800BF347E /* Summary.swift */; };
		B877E7012AF8F9E900BF347E /* Matches.swift in Sources */ = {isa = PBXBuildFile; fileRef = B877E7002AF8F9E900BF347E /* Matches.swift */; };
		B877E7032AF8F9FD00BF347E /* SwingView.swift in Sources */ = {isa = PBXBuildFile; fileRef = B877E7022AF8F9FD00BF347E /* SwingView.swift */; };
		B89B63672B0723B8009B46EA /* DataManager.swift in Sources */ = {isa = PBXBuildFile; fileRef = B89B63662B0723B8009B46EA /* DataManager.swift */; };
		B89B63682B07241A009B46EA /* DataManager.swift in Sources */ = {isa = PBXBuildFile; fileRef = B89B63662B0723B8009B46EA /* DataManager.swift */; };
		B89B636A2B072435009B46EA /* CountDownView.swift in Sources */ = {isa = PBXBuildFile; fileRef = B89B63692B072435009B46EA /* CountDownView.swift */; };
		B8A885032AF900740041F092 /* SwingRecordView.swift in Sources */ = {isa = PBXBuildFile; fileRef = B8A885022AF900740041F092 /* SwingRecordView.swift */; };
		B8A885052AF901270041F092 /* SwingRecordManagerPhone.swift in Sources */ = {isa = PBXBuildFile; fileRef = B8A885042AF901270041F092 /* SwingRecordManagerPhone.swift */; };
		B8A885082AF901C70041F092 /* AVAuthorizationChecker.swift in Sources */ = {isa = PBXBuildFile; fileRef = B8A885072AF901C70041F092 /* AVAuthorizationChecker.swift */; };
		B8A8850A2AF9020B0041F092 /* AVPreview.swift in Sources */ = {isa = PBXBuildFile; fileRef = B8A885092AF9020B0041F092 /* AVPreview.swift */; };
		B8A8850C2AF9024C0041F092 /* VideoError.swift in Sources */ = {isa = PBXBuildFile; fileRef = B8A8850B2AF9024C0041F092 /* VideoError.swift */; };
		B8A8850F2AF9052E0041F092 /* AVCaptureSession+AddIO.swift in Sources */ = {isa = PBXBuildFile; fileRef = B8A8850E2AF9052E0041F092 /* AVCaptureSession+AddIO.swift */; };
		B8A885172AF90B0E0041F092 /* SwingRecordWatchView.swift in Sources */ = {isa = PBXBuildFile; fileRef = B8A885162AF90B0E0041F092 /* SwingRecordWatchView.swift */; };
		B8A885192AF90E230041F092 /* SwingRecordManagerWatch.swift in Sources */ = {isa = PBXBuildFile; fileRef = B8A885182AF90E230041F092 /* SwingRecordManagerWatch.swift */; };
		B8A93B012AF62DB600A220C7 /* cokcokApp.swift in Sources */ = {isa = PBXBuildFile; fileRef = B8A93B002AF62DB600A220C7 /* cokcokApp.swift */; };
		B8A93B032AF62DB600A220C7 /* ContentView.swift in Sources */ = {isa = PBXBuildFile; fileRef = B8A93B022AF62DB600A220C7 /* ContentView.swift */; };
		B8A93B052AF62DB700A220C7 /* Assets.xcassets in Resources */ = {isa = PBXBuildFile; fileRef = B8A93B042AF62DB700A220C7 /* Assets.xcassets */; };
		B8A93B082AF62DB700A220C7 /* Preview Assets.xcassets in Resources */ = {isa = PBXBuildFile; fileRef = B8A93B072AF62DB700A220C7 /* Preview Assets.xcassets */; };
		B8A93B242AF62DB700A220C7 /* cokcok Watch App.app in Embed Watch Content */ = {isa = PBXBuildFile; fileRef = B8A93B232AF62DB700A220C7 /* cokcok Watch App.app */; settings = {ATTRIBUTES = (RemoveHeadersOnCopy, ); }; };
		B8A93B292AF62DB700A220C7 /* cokcokApp.swift in Sources */ = {isa = PBXBuildFile; fileRef = B8A93B282AF62DB700A220C7 /* cokcokApp.swift */; };
		B8A93B2B2AF62DB700A220C7 /* StartView.swift in Sources */ = {isa = PBXBuildFile; fileRef = B8A93B2A2AF62DB700A220C7 /* StartView.swift */; };
		B8A93B2D2AF62DB800A220C7 /* Assets.xcassets in Resources */ = {isa = PBXBuildFile; fileRef = B8A93B2C2AF62DB800A220C7 /* Assets.xcassets */; };
		B8A93B302AF62DB800A220C7 /* Preview Assets.xcassets in Resources */ = {isa = PBXBuildFile; fileRef = B8A93B2F2AF62DB800A220C7 /* Preview Assets.xcassets */; };
		B8A93B6F2AF63D7800A220C7 /* WorkoutManager.swift in Sources */ = {isa = PBXBuildFile; fileRef = B8A93B6E2AF63D7800A220C7 /* WorkoutManager.swift */; };
		B8AAD0662B04921900D9213C /* SummaryBoxView.swift in Sources */ = {isa = PBXBuildFile; fileRef = B8AAD0652B04921900D9213C /* SummaryBoxView.swift */; };
		B8AB85032B089B1200361F86 /* SwingTrendChart.swift in Sources */ = {isa = PBXBuildFile; fileRef = B8AB85022B089B1200361F86 /* SwingTrendChart.swift */; };
		B8AB85052B089CA400361F86 /* SwingItem.swift in Sources */ = {isa = PBXBuildFile; fileRef = B8AB85042B089CA400361F86 /* SwingItem.swift */; };
		B8AB85072B089D2F00361F86 /* SwingAnalyze.swift in Sources */ = {isa = PBXBuildFile; fileRef = B8AB85062B089D2F00361F86 /* SwingAnalyze.swift */; };
		B8AB850A2B08DC9F00361F86 /* LoginView.swift in Sources */ = {isa = PBXBuildFile; fileRef = B8AB85092B08DC9F00361F86 /* LoginView.swift */; };
		B8AB850C2B08DCBA00361F86 /* ModelData.swift in Sources */ = {isa = PBXBuildFile; fileRef = B8AB850B2B08DCBA00361F86 /* ModelData.swift */; };
		B8AB85162B08E29A00361F86 /* FirebaseAuth in Frameworks */ = {isa = PBXBuildFile; productRef = B8AB85152B08E29A00361F86 /* FirebaseAuth */; };
		B8AB85192B08E2E100361F86 /* GoogleSignIn in Frameworks */ = {isa = PBXBuildFile; productRef = B8AB85182B08E2E100361F86 /* GoogleSignIn */; };
		B8AB851B2B08E2E100361F86 /* GoogleSignInSwift in Frameworks */ = {isa = PBXBuildFile; productRef = B8AB851A2B08E2E100361F86 /* GoogleSignInSwift */; };
		B8AB85242B08E4CD00361F86 /* GoogleService-Info.plist in Resources */ = {isa = PBXBuildFile; fileRef = B8AB85232B08E4CD00361F86 /* GoogleService-Info.plist */; };
		B8AB85252B08E4CD00361F86 /* GoogleService-Info.plist in Resources */ = {isa = PBXBuildFile; fileRef = B8AB85232B08E4CD00361F86 /* GoogleService-Info.plist */; };
		B8AB85262B08E4CD00361F86 /* GoogleService-Info.plist in Resources */ = {isa = PBXBuildFile; fileRef = B8AB85232B08E4CD00361F86 /* GoogleService-Info.plist */; };
		B8AB85272B08E4CD00361F86 /* GoogleService-Info.plist in Resources */ = {isa = PBXBuildFile; fileRef = B8AB85232B08E4CD00361F86 /* GoogleService-Info.plist */; };
		B8AB85282B08E4CD00361F86 /* GoogleService-Info.plist in Resources */ = {isa = PBXBuildFile; fileRef = B8AB85232B08E4CD00361F86 /* GoogleService-Info.plist */; };
		B8AB85292B08E4CD00361F86 /* GoogleService-Info.plist in Resources */ = {isa = PBXBuildFile; fileRef = B8AB85232B08E4CD00361F86 /* GoogleService-Info.plist */; };
		B8AB852B2B08E57300361F86 /* AuthenticationManager.swift in Sources */ = {isa = PBXBuildFile; fileRef = B8AB852A2B08E57300361F86 /* AuthenticationManager.swift */; };
		B8C36C4F2AFA73DD00671129 /* MatchSummary.swift in Sources */ = {isa = PBXBuildFile; fileRef = B8C36C4E2AFA73DD00671129 /* MatchSummary.swift */; };
		B8C36C502AFA73DD00671129 /* MatchSummary.swift in Sources */ = {isa = PBXBuildFile; fileRef = B8C36C4E2AFA73DD00671129 /* MatchSummary.swift */; };
		B8C36C522AFA74AD00671129 /* MatchItem.swift in Sources */ = {isa = PBXBuildFile; fileRef = B8C36C512AFA74AD00671129 /* MatchItem.swift */; };
		B8C36C542AFAA18900671129 /* Date&Time.swift in Sources */ = {isa = PBXBuildFile; fileRef = B8C36C532AFAA18900671129 /* Date&Time.swift */; };
		B8C36C562AFABB2A00671129 /* ScoreChart.swift in Sources */ = {isa = PBXBuildFile; fileRef = B8C36C552AFABB2A00671129 /* ScoreChart.swift */; };
/* End PBXBuildFile section */

/* Begin PBXContainerItemProxy section */
		B8A93B0E2AF62DB700A220C7 /* PBXContainerItemProxy */ = {
			isa = PBXContainerItemProxy;
			containerPortal = B8A93AF52AF62DB600A220C7 /* Project object */;
			proxyType = 1;
			remoteGlobalIDString = B8A93AFC2AF62DB600A220C7;
			remoteInfo = cokcok;
		};
		B8A93B182AF62DB700A220C7 /* PBXContainerItemProxy */ = {
			isa = PBXContainerItemProxy;
			containerPortal = B8A93AF52AF62DB600A220C7 /* Project object */;
			proxyType = 1;
			remoteGlobalIDString = B8A93AFC2AF62DB600A220C7;
			remoteInfo = cokcok;
		};
		B8A93B252AF62DB700A220C7 /* PBXContainerItemProxy */ = {
			isa = PBXContainerItemProxy;
			containerPortal = B8A93AF52AF62DB600A220C7 /* Project object */;
			proxyType = 1;
			remoteGlobalIDString = B8A93B222AF62DB700A220C7;
			remoteInfo = "cokcok Watch App";
		};
		B8A93B362AF62DB800A220C7 /* PBXContainerItemProxy */ = {
			isa = PBXContainerItemProxy;
			containerPortal = B8A93AF52AF62DB600A220C7 /* Project object */;
			proxyType = 1;
			remoteGlobalIDString = B8A93B222AF62DB700A220C7;
			remoteInfo = "cokcok Watch App";
		};
		B8A93B402AF62DB800A220C7 /* PBXContainerItemProxy */ = {
			isa = PBXContainerItemProxy;
			containerPortal = B8A93AF52AF62DB600A220C7 /* Project object */;
			proxyType = 1;
			remoteGlobalIDString = B8A93B222AF62DB700A220C7;
			remoteInfo = "cokcok Watch App";
		};
/* End PBXContainerItemProxy section */

/* Begin PBXCopyFilesBuildPhase section */
		B8A93B4C2AF62DB800A220C7 /* Embed Watch Content */ = {
			isa = PBXCopyFilesBuildPhase;
			buildActionMask = 2147483647;
			dstPath = "$(CONTENTS_FOLDER_PATH)/Watch";
			dstSubfolderSpec = 16;
			files = (
				B8A93B242AF62DB700A220C7 /* cokcok Watch App.app in Embed Watch Content */,
			);
			name = "Embed Watch Content";
			runOnlyForDeploymentPostprocessing = 0;
		};
/* End PBXCopyFilesBuildPhase section */

/* Begin PBXFileReference section */
		B80430D42B04E89000383D88 /* MedalView.swift */ = {isa = PBXFileReference; lastKnownFileType = sourcecode.swift; path = MedalView.swift; sourceTree = "<group>"; };
		B804F3472B0D0CF30088B4EF /* cokcok.entitlements */ = {isa = PBXFileReference; lastKnownFileType = text.plist.entitlements; path = cokcok.entitlements; sourceTree = "<group>"; };
		B804F3482B0DC0970088B4EF /* MyPage.swift */ = {isa = PBXFileReference; lastKnownFileType = sourcecode.swift; path = MyPage.swift; sourceTree = "<group>"; };
		B80B1E082AFB377C00C87CA6 /* MatchDetail.swift */ = {isa = PBXFileReference; lastKnownFileType = sourcecode.swift; path = MatchDetail.swift; sourceTree = "<group>"; };
		B840641E2AFF73BD00C46D41 /* MetricsView.swift */ = {isa = PBXFileReference; fileEncoding = 4; lastKnownFileType = sourcecode.swift; path = MetricsView.swift; sourceTree = "<group>"; };
		B840641F2AFF73BD00C46D41 /* SummaryView.swift */ = {isa = PBXFileReference; fileEncoding = 4; lastKnownFileType = sourcecode.swift; path = SummaryView.swift; sourceTree = "<group>"; };
		B84064202AFF73BD00C46D41 /* Counter2.swift */ = {isa = PBXFileReference; fileEncoding = 4; lastKnownFileType = sourcecode.swift; path = Counter2.swift; sourceTree = "<group>"; };
		B84064212AFF73BD00C46D41 /* SessionPagingView.swift */ = {isa = PBXFileReference; fileEncoding = 4; lastKnownFileType = sourcecode.swift; path = SessionPagingView.swift; sourceTree = "<group>"; };
		B84064222AFF73BD00C46D41 /* ControlsView.swift */ = {isa = PBXFileReference; fileEncoding = 4; lastKnownFileType = sourcecode.swift; path = ControlsView.swift; sourceTree = "<group>"; };
		B84064232AFF73BD00C46D41 /* Counter.swift */ = {isa = PBXFileReference; fileEncoding = 4; lastKnownFileType = sourcecode.swift; path = Counter.swift; sourceTree = "<group>"; };
		B84064242AFF73BD00C46D41 /* ScoreView.swift */ = {isa = PBXFileReference; fileEncoding = 4; lastKnownFileType = sourcecode.swift; path = ScoreView.swift; sourceTree = "<group>"; };
		B84064252AFF73BD00C46D41 /* ActivityRingsView.swift */ = {isa = PBXFileReference; fileEncoding = 4; lastKnownFileType = sourcecode.swift; path = ActivityRingsView.swift; sourceTree = "<group>"; };
		B84064262AFF73BD00C46D41 /* ElapsedTimeView.swift */ = {isa = PBXFileReference; fileEncoding = 4; lastKnownFileType = sourcecode.swift; path = ElapsedTimeView.swift; sourceTree = "<group>"; };
		B840645E2AFF75D600C46D41 /* SavedDataView.swift */ = {isa = PBXFileReference; fileEncoding = 4; lastKnownFileType = sourcecode.swift; path = SavedDataView.swift; sourceTree = "<group>"; };
		B84064622AFF7A4B00C46D41 /* MyPlayground.playground */ = {isa = PBXFileReference; lastKnownFileType = file.playground; path = MyPlayground.playground; sourceTree = "<group>"; xcLanguageSpecificationIdentifier = xcode.lang.swift; };
		B84C96EA2B035090001106C6 /* UserImage.swift */ = {isa = PBXFileReference; lastKnownFileType = sourcecode.swift; path = UserImage.swift; sourceTree = "<group>"; };
		B84C96EC2B0350B5001106C6 /* User.swift */ = {isa = PBXFileReference; lastKnownFileType = sourcecode.swift; path = User.swift; sourceTree = "<group>"; };
		B84C96EE2B0356B3001106C6 /* RecentSwing.swift */ = {isa = PBXFileReference; lastKnownFileType = sourcecode.swift; path = RecentSwing.swift; sourceTree = "<group>"; };
		B84C96F02B0356C5001106C6 /* RecentMatch.swift */ = {isa = PBXFileReference; lastKnownFileType = sourcecode.swift; path = RecentMatch.swift; sourceTree = "<group>"; };
		B877E6FD2AF8F9C800BF347E /* Summary.swift */ = {isa = PBXFileReference; lastKnownFileType = sourcecode.swift; path = Summary.swift; sourceTree = "<group>"; };
		B877E7002AF8F9E900BF347E /* Matches.swift */ = {isa = PBXFileReference; lastKnownFileType = sourcecode.swift; path = Matches.swift; sourceTree = "<group>"; };
		B877E7022AF8F9FD00BF347E /* SwingView.swift */ = {isa = PBXFileReference; lastKnownFileType = sourcecode.swift; path = SwingView.swift; sourceTree = "<group>"; };
		B89B63662B0723B8009B46EA /* DataManager.swift */ = {isa = PBXFileReference; fileEncoding = 4; lastKnownFileType = sourcecode.swift; path = DataManager.swift; sourceTree = "<group>"; };
		B89B63692B072435009B46EA /* CountDownView.swift */ = {isa = PBXFileReference; fileEncoding = 4; lastKnownFileType = sourcecode.swift; name = CountDownView.swift; path = "cokcok Watch App/Views/CountDownView.swift"; sourceTree = SOURCE_ROOT; };
		B8A885022AF900740041F092 /* SwingRecordView.swift */ = {isa = PBXFileReference; lastKnownFileType = sourcecode.swift; path = SwingRecordView.swift; sourceTree = "<group>"; };
		B8A885042AF901270041F092 /* SwingRecordManagerPhone.swift */ = {isa = PBXFileReference; lastKnownFileType = sourcecode.swift; path = SwingRecordManagerPhone.swift; sourceTree = "<group>"; };
		B8A885072AF901C70041F092 /* AVAuthorizationChecker.swift */ = {isa = PBXFileReference; lastKnownFileType = sourcecode.swift; path = AVAuthorizationChecker.swift; sourceTree = "<group>"; };
		B8A885092AF9020B0041F092 /* AVPreview.swift */ = {isa = PBXFileReference; lastKnownFileType = sourcecode.swift; path = AVPreview.swift; sourceTree = "<group>"; };
		B8A8850B2AF9024C0041F092 /* VideoError.swift */ = {isa = PBXFileReference; lastKnownFileType = sourcecode.swift; path = VideoError.swift; sourceTree = "<group>"; };
		B8A8850E2AF9052E0041F092 /* AVCaptureSession+AddIO.swift */ = {isa = PBXFileReference; lastKnownFileType = sourcecode.swift; path = "AVCaptureSession+AddIO.swift"; sourceTree = "<group>"; };
		B8A885162AF90B0E0041F092 /* SwingRecordWatchView.swift */ = {isa = PBXFileReference; lastKnownFileType = sourcecode.swift; path = SwingRecordWatchView.swift; sourceTree = "<group>"; };
		B8A885182AF90E230041F092 /* SwingRecordManagerWatch.swift */ = {isa = PBXFileReference; lastKnownFileType = sourcecode.swift; path = SwingRecordManagerWatch.swift; sourceTree = "<group>"; };
		B8A93AFD2AF62DB600A220C7 /* cokcok.app */ = {isa = PBXFileReference; explicitFileType = wrapper.application; includeInIndex = 0; path = cokcok.app; sourceTree = BUILT_PRODUCTS_DIR; };
		B8A93B002AF62DB600A220C7 /* cokcokApp.swift */ = {isa = PBXFileReference; lastKnownFileType = sourcecode.swift; path = cokcokApp.swift; sourceTree = "<group>"; };
		B8A93B022AF62DB600A220C7 /* ContentView.swift */ = {isa = PBXFileReference; lastKnownFileType = sourcecode.swift; path = ContentView.swift; sourceTree = "<group>"; };
		B8A93B042AF62DB700A220C7 /* Assets.xcassets */ = {isa = PBXFileReference; lastKnownFileType = folder.assetcatalog; path = Assets.xcassets; sourceTree = "<group>"; };
		B8A93B072AF62DB700A220C7 /* Preview Assets.xcassets */ = {isa = PBXFileReference; lastKnownFileType = folder.assetcatalog; path = "Preview Assets.xcassets"; sourceTree = "<group>"; };
		B8A93B0D2AF62DB700A220C7 /* cokcokTests.xctest */ = {isa = PBXFileReference; explicitFileType = wrapper.cfbundle; includeInIndex = 0; path = cokcokTests.xctest; sourceTree = BUILT_PRODUCTS_DIR; };
		B8A93B172AF62DB700A220C7 /* cokcokUITests.xctest */ = {isa = PBXFileReference; explicitFileType = wrapper.cfbundle; includeInIndex = 0; path = cokcokUITests.xctest; sourceTree = BUILT_PRODUCTS_DIR; };
		B8A93B232AF62DB700A220C7 /* cokcok Watch App.app */ = {isa = PBXFileReference; explicitFileType = wrapper.application; includeInIndex = 0; path = "cokcok Watch App.app"; sourceTree = BUILT_PRODUCTS_DIR; };
		B8A93B282AF62DB700A220C7 /* cokcokApp.swift */ = {isa = PBXFileReference; lastKnownFileType = sourcecode.swift; path = cokcokApp.swift; sourceTree = "<group>"; };
		B8A93B2A2AF62DB700A220C7 /* StartView.swift */ = {isa = PBXFileReference; lastKnownFileType = sourcecode.swift; path = StartView.swift; sourceTree = "<group>"; };
		B8A93B2C2AF62DB800A220C7 /* Assets.xcassets */ = {isa = PBXFileReference; lastKnownFileType = folder.assetcatalog; path = Assets.xcassets; sourceTree = "<group>"; };
		B8A93B2F2AF62DB800A220C7 /* Preview Assets.xcassets */ = {isa = PBXFileReference; lastKnownFileType = folder.assetcatalog; path = "Preview Assets.xcassets"; sourceTree = "<group>"; };
		B8A93B352AF62DB800A220C7 /* cokcok Watch AppTests.xctest */ = {isa = PBXFileReference; explicitFileType = wrapper.cfbundle; includeInIndex = 0; path = "cokcok Watch AppTests.xctest"; sourceTree = BUILT_PRODUCTS_DIR; };
		B8A93B3F2AF62DB800A220C7 /* cokcok Watch AppUITests.xctest */ = {isa = PBXFileReference; explicitFileType = wrapper.cfbundle; includeInIndex = 0; path = "cokcok Watch AppUITests.xctest"; sourceTree = BUILT_PRODUCTS_DIR; };
		B8A93B6E2AF63D7800A220C7 /* WorkoutManager.swift */ = {isa = PBXFileReference; lastKnownFileType = sourcecode.swift; path = WorkoutManager.swift; sourceTree = "<group>"; };
		B8A93B702AF644A700A220C7 /* cokcok Watch App.entitlements */ = {isa = PBXFileReference; lastKnownFileType = text.plist.entitlements; path = "cokcok Watch App.entitlements"; sourceTree = "<group>"; };
		B8A93B712AF644D700A220C7 /* cokcok-Watch-App-Info.plist */ = {isa = PBXFileReference; lastKnownFileType = text.plist; path = "cokcok-Watch-App-Info.plist"; sourceTree = SOURCE_ROOT; };
		B8AAD0652B04921900D9213C /* SummaryBoxView.swift */ = {isa = PBXFileReference; lastKnownFileType = sourcecode.swift; path = SummaryBoxView.swift; sourceTree = "<group>"; };
		B8AB85022B089B1200361F86 /* SwingTrendChart.swift */ = {isa = PBXFileReference; lastKnownFileType = sourcecode.swift; path = SwingTrendChart.swift; sourceTree = "<group>"; };
		B8AB85042B089CA400361F86 /* SwingItem.swift */ = {isa = PBXFileReference; lastKnownFileType = sourcecode.swift; path = SwingItem.swift; sourceTree = "<group>"; };
		B8AB85062B089D2F00361F86 /* SwingAnalyze.swift */ = {isa = PBXFileReference; lastKnownFileType = sourcecode.swift; path = SwingAnalyze.swift; sourceTree = "<group>"; };
		B8AB85092B08DC9F00361F86 /* LoginView.swift */ = {isa = PBXFileReference; lastKnownFileType = sourcecode.swift; path = LoginView.swift; sourceTree = "<group>"; };
		B8AB850B2B08DCBA00361F86 /* ModelData.swift */ = {isa = PBXFileReference; lastKnownFileType = sourcecode.swift; path = ModelData.swift; sourceTree = "<group>"; };
		B8AB85232B08E4CD00361F86 /* GoogleService-Info.plist */ = {isa = PBXFileReference; fileEncoding = 4; lastKnownFileType = text.plist.xml; path = "GoogleService-Info.plist"; sourceTree = "<group>"; };
		B8AB852A2B08E57300361F86 /* AuthenticationManager.swift */ = {isa = PBXFileReference; lastKnownFileType = sourcecode.swift; path = AuthenticationManager.swift; sourceTree = "<group>"; };
		B8BC891B2AFA6EF900DE6F46 /* Info.plist */ = {isa = PBXFileReference; lastKnownFileType = text.plist; path = Info.plist; sourceTree = "<group>"; };
		B8C36C4E2AFA73DD00671129 /* MatchSummary.swift */ = {isa = PBXFileReference; lastKnownFileType = sourcecode.swift; path = MatchSummary.swift; sourceTree = "<group>"; };
		B8C36C512AFA74AD00671129 /* MatchItem.swift */ = {isa = PBXFileReference; lastKnownFileType = sourcecode.swift; path = MatchItem.swift; sourceTree = "<group>"; };
		B8C36C532AFAA18900671129 /* Date&Time.swift */ = {isa = PBXFileReference; lastKnownFileType = sourcecode.swift; path = "Date&Time.swift"; sourceTree = "<group>"; };
		B8C36C552AFABB2A00671129 /* ScoreChart.swift */ = {isa = PBXFileReference; lastKnownFileType = sourcecode.swift; path = ScoreChart.swift; sourceTree = "<group>"; };
/* End PBXFileReference section */

/* Begin PBXFrameworksBuildPhase section */
		B8A93AFA2AF62DB600A220C7 /* Frameworks */ = {
			isa = PBXFrameworksBuildPhase;
			buildActionMask = 2147483647;
			files = (
				B8AB851B2B08E2E100361F86 /* GoogleSignInSwift in Frameworks */,
				B8AB85162B08E29A00361F86 /* FirebaseAuth in Frameworks */,
				B804F3462B0C94150088B4EF /* KakaoSDKUser in Frameworks */,
				B8AB85192B08E2E100361F86 /* GoogleSignIn in Frameworks */,
				B804F3442B0C94150088B4EF /* KakaoSDKCommon in Frameworks */,
				B804F3422B0C94150088B4EF /* KakaoSDKAuth in Frameworks */,
			);
			runOnlyForDeploymentPostprocessing = 0;
		};
		B8A93B0A2AF62DB700A220C7 /* Frameworks */ = {
			isa = PBXFrameworksBuildPhase;
			buildActionMask = 2147483647;
			files = (
			);
			runOnlyForDeploymentPostprocessing = 0;
		};
		B8A93B142AF62DB700A220C7 /* Frameworks */ = {
			isa = PBXFrameworksBuildPhase;
			buildActionMask = 2147483647;
			files = (
			);
			runOnlyForDeploymentPostprocessing = 0;
		};
		B8A93B202AF62DB700A220C7 /* Frameworks */ = {
			isa = PBXFrameworksBuildPhase;
			buildActionMask = 2147483647;
			files = (
			);
			runOnlyForDeploymentPostprocessing = 0;
		};
		B8A93B322AF62DB800A220C7 /* Frameworks */ = {
			isa = PBXFrameworksBuildPhase;
			buildActionMask = 2147483647;
			files = (
			);
			runOnlyForDeploymentPostprocessing = 0;
		};
		B8A93B3C2AF62DB800A220C7 /* Frameworks */ = {
			isa = PBXFrameworksBuildPhase;
			buildActionMask = 2147483647;
			files = (
			);
			runOnlyForDeploymentPostprocessing = 0;
		};
/* End PBXFrameworksBuildPhase section */

/* Begin PBXGroup section */
		B840641D2AFF73BD00C46D41 /* MatchRecord */ = {
			isa = PBXGroup;
			children = (
				B89B63692B072435009B46EA /* CountDownView.swift */,
				B840641E2AFF73BD00C46D41 /* MetricsView.swift */,
				B840641F2AFF73BD00C46D41 /* SummaryView.swift */,
				B84064202AFF73BD00C46D41 /* Counter2.swift */,
				B84064212AFF73BD00C46D41 /* SessionPagingView.swift */,
				B84064222AFF73BD00C46D41 /* ControlsView.swift */,
				B84064232AFF73BD00C46D41 /* Counter.swift */,
				B84064242AFF73BD00C46D41 /* ScoreView.swift */,
				B84064252AFF73BD00C46D41 /* ActivityRingsView.swift */,
				B84064262AFF73BD00C46D41 /* ElapsedTimeView.swift */,
			);
			path = MatchRecord;
			sourceTree = "<group>";
		};
		B877E6F92AF8F99C00BF347E /* Views */ = {
			isa = PBXGroup;
			children = (
				B8AB85082B08DC7700361F86 /* Auth */,
				B877E7042AF8FA0500BF347E /* Swing */,
				B877E6FF2AF8F9D500BF347E /* Matches */,
				B877E6FC2AF8F9BB00BF347E /* Summary */,
			);
			path = Views;
			sourceTree = "<group>";
		};
		B877E6FA2AF8F9AC00BF347E /* Resources */ = {
			isa = PBXGroup;
			children = (
			);
			path = Resources;
			sourceTree = "<group>";
		};
		B877E6FB2AF8F9B400BF347E /* Model */ = {
			isa = PBXGroup;
			children = (
				B8A885042AF901270041F092 /* SwingRecordManagerPhone.swift */,
				B84C96EC2B0350B5001106C6 /* User.swift */,
				B8AB85062B089D2F00361F86 /* SwingAnalyze.swift */,
				B8AB850B2B08DCBA00361F86 /* ModelData.swift */,
				B8AB852A2B08E57300361F86 /* AuthenticationManager.swift */,
			);
			path = Model;
			sourceTree = "<group>";
		};
		B877E6FC2AF8F9BB00BF347E /* Summary */ = {
			isa = PBXGroup;
			children = (
				B877E6FD2AF8F9C800BF347E /* Summary.swift */,
				B84C96EA2B035090001106C6 /* UserImage.swift */,
				B84C96EE2B0356B3001106C6 /* RecentSwing.swift */,
				B84C96F02B0356C5001106C6 /* RecentMatch.swift */,
				B8AAD0652B04921900D9213C /* SummaryBoxView.swift */,
				B80430D42B04E89000383D88 /* MedalView.swift */,
			);
			path = Summary;
			sourceTree = "<group>";
		};
		B877E6FF2AF8F9D500BF347E /* Matches */ = {
			isa = PBXGroup;
			children = (
				B877E7002AF8F9E900BF347E /* Matches.swift */,
				B80B1E082AFB377C00C87CA6 /* MatchDetail.swift */,
				B8C36C512AFA74AD00671129 /* MatchItem.swift */,
				B8C36C552AFABB2A00671129 /* ScoreChart.swift */,
			);
			path = Matches;
			sourceTree = "<group>";
		};
		B877E7042AF8FA0500BF347E /* Swing */ = {
			isa = PBXGroup;
			children = (
				B877E7022AF8F9FD00BF347E /* SwingView.swift */,
				B8AB85042B089CA400361F86 /* SwingItem.swift */,
				B8A885022AF900740041F092 /* SwingRecordView.swift */,
				B8A885092AF9020B0041F092 /* AVPreview.swift */,
				B8AB85022B089B1200361F86 /* SwingTrendChart.swift */,
			);
			path = Swing;
			sourceTree = "<group>";
		};
		B8A885062AF901B10041F092 /* Utils */ = {
			isa = PBXGroup;
			children = (
				B8A885072AF901C70041F092 /* AVAuthorizationChecker.swift */,
				B8A8850B2AF9024C0041F092 /* VideoError.swift */,
				B8C36C532AFAA18900671129 /* Date&Time.swift */,
			);
			path = Utils;
			sourceTree = "<group>";
		};
		B8A8850D2AF904930041F092 /* Extensions */ = {
			isa = PBXGroup;
			children = (
				B8A8850E2AF9052E0041F092 /* AVCaptureSession+AddIO.swift */,
			);
			path = Extensions;
			sourceTree = "<group>";
		};
		B8A885102AF90A150041F092 /* Views */ = {
			isa = PBXGroup;
			children = (
				B840645E2AFF75D600C46D41 /* SavedDataView.swift */,
				B8A885152AF90AE20041F092 /* SwingRecord */,
				B8A93B2A2AF62DB700A220C7 /* StartView.swift */,
				B840641D2AFF73BD00C46D41 /* MatchRecord */,
			);
			path = Views;
			sourceTree = "<group>";
		};
		B8A885132AF90AA30041F092 /* Model */ = {
			isa = PBXGroup;
			children = (
				B8A93B6E2AF63D7800A220C7 /* WorkoutManager.swift */,
				B8A885182AF90E230041F092 /* SwingRecordManagerWatch.swift */,
			);
			path = Model;
			sourceTree = "<group>";
		};
		B8A885152AF90AE20041F092 /* SwingRecord */ = {
			isa = PBXGroup;
			children = (
				B8A885162AF90B0E0041F092 /* SwingRecordWatchView.swift */,
			);
			path = SwingRecord;
			sourceTree = "<group>";
		};
		B8A8851A2AF90E800041F092 /* Shared */ = {
			isa = PBXGroup;
			children = (
				B89B63662B0723B8009B46EA /* DataManager.swift */,
				B8C36C4E2AFA73DD00671129 /* MatchSummary.swift */,
			);
			path = Shared;
			sourceTree = "<group>";
		};
		B8A93AF42AF62DB600A220C7 = {
			isa = PBXGroup;
			children = (
				B8AB85232B08E4CD00361F86 /* GoogleService-Info.plist */,
				B84064622AFF7A4B00C46D41 /* MyPlayground.playground */,
				B8A93AFF2AF62DB600A220C7 /* cokcok */,
				B8A93B272AF62DB700A220C7 /* cokcok Watch App */,
				B8A93AFE2AF62DB600A220C7 /* Products */,
			);
			sourceTree = "<group>";
		};
		B8A93AFE2AF62DB600A220C7 /* Products */ = {
			isa = PBXGroup;
			children = (
				B8A93AFD2AF62DB600A220C7 /* cokcok.app */,
				B8A93B0D2AF62DB700A220C7 /* cokcokTests.xctest */,
				B8A93B172AF62DB700A220C7 /* cokcokUITests.xctest */,
				B8A93B232AF62DB700A220C7 /* cokcok Watch App.app */,
				B8A93B352AF62DB800A220C7 /* cokcok Watch AppTests.xctest */,
				B8A93B3F2AF62DB800A220C7 /* cokcok Watch AppUITests.xctest */,
			);
			name = Products;
			sourceTree = "<group>";
		};
		B8A93AFF2AF62DB600A220C7 /* cokcok */ = {
			isa = PBXGroup;
			children = (
				B804F3472B0D0CF30088B4EF /* cokcok.entitlements */,
				B8BC891B2AFA6EF900DE6F46 /* Info.plist */,
				B8A8851A2AF90E800041F092 /* Shared */,
				B8A8850D2AF904930041F092 /* Extensions */,
				B8A885062AF901B10041F092 /* Utils */,
				B877E6FB2AF8F9B400BF347E /* Model */,
				B877E6FA2AF8F9AC00BF347E /* Resources */,
				B877E6F92AF8F99C00BF347E /* Views */,
				B8A93B002AF62DB600A220C7 /* cokcokApp.swift */,
				B8A93B022AF62DB600A220C7 /* ContentView.swift */,
				B8A93B042AF62DB700A220C7 /* Assets.xcassets */,
				B8A93B062AF62DB700A220C7 /* Preview Content */,
			);
			path = cokcok;
			sourceTree = "<group>";
		};
		B8A93B062AF62DB700A220C7 /* Preview Content */ = {
			isa = PBXGroup;
			children = (
				B8A93B072AF62DB700A220C7 /* Preview Assets.xcassets */,
			);
			path = "Preview Content";
			sourceTree = "<group>";
		};
		B8A93B272AF62DB700A220C7 /* cokcok Watch App */ = {
			isa = PBXGroup;
			children = (
				B8A885132AF90AA30041F092 /* Model */,
				B8A885102AF90A150041F092 /* Views */,
				B8A93B712AF644D700A220C7 /* cokcok-Watch-App-Info.plist */,
				B8A93B702AF644A700A220C7 /* cokcok Watch App.entitlements */,
				B8A93B282AF62DB700A220C7 /* cokcokApp.swift */,
				B8A93B2C2AF62DB800A220C7 /* Assets.xcassets */,
				B8A93B2E2AF62DB800A220C7 /* Preview Content */,
			);
			path = "cokcok Watch App";
			sourceTree = "<group>";
		};
		B8A93B2E2AF62DB800A220C7 /* Preview Content */ = {
			isa = PBXGroup;
			children = (
				B8A93B2F2AF62DB800A220C7 /* Preview Assets.xcassets */,
			);
			path = "Preview Content";
			sourceTree = "<group>";
		};
		B8AB85082B08DC7700361F86 /* Auth */ = {
			isa = PBXGroup;
			children = (
				B8AB85092B08DC9F00361F86 /* LoginView.swift */,
				B804F3482B0DC0970088B4EF /* MyPage.swift */,
			);
			path = Auth;
			sourceTree = "<group>";
		};
/* End PBXGroup section */

/* Begin PBXNativeTarget section */
		B8A93AFC2AF62DB600A220C7 /* cokcok */ = {
			isa = PBXNativeTarget;
			buildConfigurationList = B8A93B4D2AF62DB800A220C7 /* Build configuration list for PBXNativeTarget "cokcok" */;
			buildPhases = (
				B8A93AF92AF62DB600A220C7 /* Sources */,
				B8A93AFA2AF62DB600A220C7 /* Frameworks */,
				B8A93AFB2AF62DB600A220C7 /* Resources */,
				B8A93B4C2AF62DB800A220C7 /* Embed Watch Content */,
			);
			buildRules = (
			);
			dependencies = (
				B8A93B262AF62DB700A220C7 /* PBXTargetDependency */,
			);
			name = cokcok;
			packageProductDependencies = (
				B8AB85152B08E29A00361F86 /* FirebaseAuth */,
				B8AB85182B08E2E100361F86 /* GoogleSignIn */,
				B8AB851A2B08E2E100361F86 /* GoogleSignInSwift */,
				B804F3412B0C94150088B4EF /* KakaoSDKAuth */,
				B804F3432B0C94150088B4EF /* KakaoSDKCommon */,
				B804F3452B0C94150088B4EF /* KakaoSDKUser */,
			);
			productName = cokcok;
			productReference = B8A93AFD2AF62DB600A220C7 /* cokcok.app */;
			productType = "com.apple.product-type.application";
		};
		B8A93B0C2AF62DB700A220C7 /* cokcokTests */ = {
			isa = PBXNativeTarget;
			buildConfigurationList = B8A93B502AF62DB800A220C7 /* Build configuration list for PBXNativeTarget "cokcokTests" */;
			buildPhases = (
				B8A93B092AF62DB700A220C7 /* Sources */,
				B8A93B0A2AF62DB700A220C7 /* Frameworks */,
				B8A93B0B2AF62DB700A220C7 /* Resources */,
			);
			buildRules = (
			);
			dependencies = (
				B8A93B0F2AF62DB700A220C7 /* PBXTargetDependency */,
			);
			name = cokcokTests;
			productName = cokcokTests;
			productReference = B8A93B0D2AF62DB700A220C7 /* cokcokTests.xctest */;
			productType = "com.apple.product-type.bundle.unit-test";
		};
		B8A93B162AF62DB700A220C7 /* cokcokUITests */ = {
			isa = PBXNativeTarget;
			buildConfigurationList = B8A93B532AF62DB800A220C7 /* Build configuration list for PBXNativeTarget "cokcokUITests" */;
			buildPhases = (
				B8A93B132AF62DB700A220C7 /* Sources */,
				B8A93B142AF62DB700A220C7 /* Frameworks */,
				B8A93B152AF62DB700A220C7 /* Resources */,
			);
			buildRules = (
			);
			dependencies = (
				B8A93B192AF62DB700A220C7 /* PBXTargetDependency */,
			);
			name = cokcokUITests;
			productName = cokcokUITests;
			productReference = B8A93B172AF62DB700A220C7 /* cokcokUITests.xctest */;
			productType = "com.apple.product-type.bundle.ui-testing";
		};
		B8A93B222AF62DB700A220C7 /* cokcok Watch App */ = {
			isa = PBXNativeTarget;
			buildConfigurationList = B8A93B492AF62DB800A220C7 /* Build configuration list for PBXNativeTarget "cokcok Watch App" */;
			buildPhases = (
				B8A93B1F2AF62DB700A220C7 /* Sources */,
				B8A93B202AF62DB700A220C7 /* Frameworks */,
				B8A93B212AF62DB700A220C7 /* Resources */,
			);
			buildRules = (
			);
			dependencies = (
			);
			name = "cokcok Watch App";
			productName = "cokcok Watch App";
			productReference = B8A93B232AF62DB700A220C7 /* cokcok Watch App.app */;
			productType = "com.apple.product-type.application";
		};
		B8A93B342AF62DB800A220C7 /* cokcok Watch AppTests */ = {
			isa = PBXNativeTarget;
			buildConfigurationList = B8A93B562AF62DB800A220C7 /* Build configuration list for PBXNativeTarget "cokcok Watch AppTests" */;
			buildPhases = (
				B8A93B312AF62DB800A220C7 /* Sources */,
				B8A93B322AF62DB800A220C7 /* Frameworks */,
				B8A93B332AF62DB800A220C7 /* Resources */,
			);
			buildRules = (
			);
			dependencies = (
				B8A93B372AF62DB800A220C7 /* PBXTargetDependency */,
			);
			name = "cokcok Watch AppTests";
			productName = "cokcok Watch AppTests";
			productReference = B8A93B352AF62DB800A220C7 /* cokcok Watch AppTests.xctest */;
			productType = "com.apple.product-type.bundle.unit-test";
		};
		B8A93B3E2AF62DB800A220C7 /* cokcok Watch AppUITests */ = {
			isa = PBXNativeTarget;
			buildConfigurationList = B8A93B592AF62DB800A220C7 /* Build configuration list for PBXNativeTarget "cokcok Watch AppUITests" */;
			buildPhases = (
				B8A93B3B2AF62DB800A220C7 /* Sources */,
				B8A93B3C2AF62DB800A220C7 /* Frameworks */,
				B8A93B3D2AF62DB800A220C7 /* Resources */,
			);
			buildRules = (
			);
			dependencies = (
				B8A93B412AF62DB800A220C7 /* PBXTargetDependency */,
			);
			name = "cokcok Watch AppUITests";
			productName = "cokcok Watch AppUITests";
			productReference = B8A93B3F2AF62DB800A220C7 /* cokcok Watch AppUITests.xctest */;
			productType = "com.apple.product-type.bundle.ui-testing";
		};
/* End PBXNativeTarget section */

/* Begin PBXProject section */
		B8A93AF52AF62DB600A220C7 /* Project object */ = {
			isa = PBXProject;
			attributes = {
				BuildIndependentTargetsInParallel = 1;
				LastSwiftUpdateCheck = 1500;
				LastUpgradeCheck = 1500;
				TargetAttributes = {
					B8A93AFC2AF62DB600A220C7 = {
						CreatedOnToolsVersion = 15.0.1;
					};
					B8A93B0C2AF62DB700A220C7 = {
						CreatedOnToolsVersion = 15.0.1;
						TestTargetID = B8A93AFC2AF62DB600A220C7;
					};
					B8A93B162AF62DB700A220C7 = {
						CreatedOnToolsVersion = 15.0.1;
						TestTargetID = B8A93AFC2AF62DB600A220C7;
					};
					B8A93B222AF62DB700A220C7 = {
						CreatedOnToolsVersion = 15.0.1;
					};
					B8A93B342AF62DB800A220C7 = {
						CreatedOnToolsVersion = 15.0.1;
						TestTargetID = B8A93B222AF62DB700A220C7;
					};
					B8A93B3E2AF62DB800A220C7 = {
						CreatedOnToolsVersion = 15.0.1;
						TestTargetID = B8A93B222AF62DB700A220C7;
					};
				};
			};
			buildConfigurationList = B8A93AF82AF62DB600A220C7 /* Build configuration list for PBXProject "cokcok" */;
			compatibilityVersion = "Xcode 14.0";
			developmentRegion = en;
			hasScannedForEncodings = 0;
			knownRegions = (
				en,
				Base,
			);
			mainGroup = B8A93AF42AF62DB600A220C7;
			packageReferences = (
				B8AB85142B08E29A00361F86 /* XCRemoteSwiftPackageReference "firebase-ios-sdk" */,
				B8AB85172B08E2E100361F86 /* XCRemoteSwiftPackageReference "GoogleSignIn-iOS" */,
				B804F3402B0C94150088B4EF /* XCRemoteSwiftPackageReference "kakao-ios-sdk" */,
			);
			productRefGroup = B8A93AFE2AF62DB600A220C7 /* Products */;
			projectDirPath = "";
			projectRoot = "";
			targets = (
				B8A93AFC2AF62DB600A220C7 /* cokcok */,
				B8A93B0C2AF62DB700A220C7 /* cokcokTests */,
				B8A93B162AF62DB700A220C7 /* cokcokUITests */,
				B8A93B222AF62DB700A220C7 /* cokcok Watch App */,
				B8A93B342AF62DB800A220C7 /* cokcok Watch AppTests */,
				B8A93B3E2AF62DB800A220C7 /* cokcok Watch AppUITests */,
			);
		};
/* End PBXProject section */

/* Begin PBXResourcesBuildPhase section */
		B8A93AFB2AF62DB600A220C7 /* Resources */ = {
			isa = PBXResourcesBuildPhase;
			buildActionMask = 2147483647;
			files = (
				B8A93B082AF62DB700A220C7 /* Preview Assets.xcassets in Resources */,
				B8A93B052AF62DB700A220C7 /* Assets.xcassets in Resources */,
				B8AB85242B08E4CD00361F86 /* GoogleService-Info.plist in Resources */,
			);
			runOnlyForDeploymentPostprocessing = 0;
		};
		B8A93B0B2AF62DB700A220C7 /* Resources */ = {
			isa = PBXResourcesBuildPhase;
			buildActionMask = 2147483647;
			files = (
				B8AB85252B08E4CD00361F86 /* GoogleService-Info.plist in Resources */,
			);
			runOnlyForDeploymentPostprocessing = 0;
		};
		B8A93B152AF62DB700A220C7 /* Resources */ = {
			isa = PBXResourcesBuildPhase;
			buildActionMask = 2147483647;
			files = (
				B8AB85262B08E4CD00361F86 /* GoogleService-Info.plist in Resources */,
			);
			runOnlyForDeploymentPostprocessing = 0;
		};
		B8A93B212AF62DB700A220C7 /* Resources */ = {
			isa = PBXResourcesBuildPhase;
			buildActionMask = 2147483647;
			files = (
				B8A93B302AF62DB800A220C7 /* Preview Assets.xcassets in Resources */,
				B8A93B2D2AF62DB800A220C7 /* Assets.xcassets in Resources */,
				B8AB85272B08E4CD00361F86 /* GoogleService-Info.plist in Resources */,
			);
			runOnlyForDeploymentPostprocessing = 0;
		};
		B8A93B332AF62DB800A220C7 /* Resources */ = {
			isa = PBXResourcesBuildPhase;
			buildActionMask = 2147483647;
			files = (
				B8AB85282B08E4CD00361F86 /* GoogleService-Info.plist in Resources */,
			);
			runOnlyForDeploymentPostprocessing = 0;
		};
		B8A93B3D2AF62DB800A220C7 /* Resources */ = {
			isa = PBXResourcesBuildPhase;
			buildActionMask = 2147483647;
			files = (
				B8AB85292B08E4CD00361F86 /* GoogleService-Info.plist in Resources */,
			);
			runOnlyForDeploymentPostprocessing = 0;
		};
/* End PBXResourcesBuildPhase section */

/* Begin PBXSourcesBuildPhase section */
		B8A93AF92AF62DB600A220C7 /* Sources */ = {
			isa = PBXSourcesBuildPhase;
			buildActionMask = 2147483647;
			files = (
				B84C96F12B0356C5001106C6 /* RecentMatch.swift in Sources */,
				B89B63672B0723B8009B46EA /* DataManager.swift in Sources */,
				B8A8850C2AF9024C0041F092 /* VideoError.swift in Sources */,
				B8AB852B2B08E57300361F86 /* AuthenticationManager.swift in Sources */,
				B8C36C542AFAA18900671129 /* Date&Time.swift in Sources */,
				B8AAD0662B04921900D9213C /* SummaryBoxView.swift in Sources */,
				B8AB85072B089D2F00361F86 /* SwingAnalyze.swift in Sources */,
				B8AB850C2B08DCBA00361F86 /* ModelData.swift in Sources */,
				B84C96EB2B035090001106C6 /* UserImage.swift in Sources */,
				B8A885032AF900740041F092 /* SwingRecordView.swift in Sources */,
				B8A8850F2AF9052E0041F092 /* AVCaptureSession+AddIO.swift in Sources */,
				B8A885052AF901270041F092 /* SwingRecordManagerPhone.swift in Sources */,
				B8C36C522AFA74AD00671129 /* MatchItem.swift in Sources */,
				B8AB85032B089B1200361F86 /* SwingTrendChart.swift in Sources */,
				B8A93B032AF62DB600A220C7 /* ContentView.swift in Sources */,
				B877E7012AF8F9E900BF347E /* Matches.swift in Sources */,
				B8C36C562AFABB2A00671129 /* ScoreChart.swift in Sources */,
				B8A885082AF901C70041F092 /* AVAuthorizationChecker.swift in Sources */,
				B8AB85052B089CA400361F86 /* SwingItem.swift in Sources */,
				B8C36C4F2AFA73DD00671129 /* MatchSummary.swift in Sources */,
				B877E6FE2AF8F9C800BF347E /* Summary.swift in Sources */,
				B8A93B012AF62DB600A220C7 /* cokcokApp.swift in Sources */,
				B80430D52B04E89000383D88 /* MedalView.swift in Sources */,
				B877E7032AF8F9FD00BF347E /* SwingView.swift in Sources */,
				B8AB850A2B08DC9F00361F86 /* LoginView.swift in Sources */,
				B8A8850A2AF9020B0041F092 /* AVPreview.swift in Sources */,
				B804F3492B0DC0970088B4EF /* MyPage.swift in Sources */,
				B80B1E092AFB377C00C87CA6 /* MatchDetail.swift in Sources */,
				B84C96ED2B0350B5001106C6 /* User.swift in Sources */,
				B84C96EF2B0356B3001106C6 /* RecentSwing.swift in Sources */,
			);
			runOnlyForDeploymentPostprocessing = 0;
		};
		B8A93B092AF62DB700A220C7 /* Sources */ = {
			isa = PBXSourcesBuildPhase;
			buildActionMask = 2147483647;
			files = (
			);
			runOnlyForDeploymentPostprocessing = 0;
		};
		B8A93B132AF62DB700A220C7 /* Sources */ = {
			isa = PBXSourcesBuildPhase;
			buildActionMask = 2147483647;
			files = (
			);
			runOnlyForDeploymentPostprocessing = 0;
		};
		B8A93B1F2AF62DB700A220C7 /* Sources */ = {
			isa = PBXSourcesBuildPhase;
			buildActionMask = 2147483647;
			files = (
				B89B636A2B072435009B46EA /* CountDownView.swift in Sources */,
				B840645F2AFF75D600C46D41 /* SavedDataView.swift in Sources */,
				B8A93B2B2AF62DB700A220C7 /* StartView.swift in Sources */,
				B8A93B292AF62DB700A220C7 /* cokcokApp.swift in Sources */,
				B8C36C502AFA73DD00671129 /* MatchSummary.swift in Sources */,
				B84064292AFF73BD00C46D41 /* Counter2.swift in Sources */,
				B8A93B6F2AF63D7800A220C7 /* WorkoutManager.swift in Sources */,
				B840642D2AFF73BD00C46D41 /* ScoreView.swift in Sources */,
				B89B63682B07241A009B46EA /* DataManager.swift in Sources */,
				B840642B2AFF73BD00C46D41 /* ControlsView.swift in Sources */,
				B840642E2AFF73BD00C46D41 /* ActivityRingsView.swift in Sources */,
				B8A885192AF90E230041F092 /* SwingRecordManagerWatch.swift in Sources */,
				B8A885172AF90B0E0041F092 /* SwingRecordWatchView.swift in Sources */,
				B84064282AFF73BD00C46D41 /* SummaryView.swift in Sources */,
				B840642F2AFF73BD00C46D41 /* ElapsedTimeView.swift in Sources */,
				B840642A2AFF73BD00C46D41 /* SessionPagingView.swift in Sources */,
				B84064272AFF73BD00C46D41 /* MetricsView.swift in Sources */,
				B840642C2AFF73BD00C46D41 /* Counter.swift in Sources */,
			);
			runOnlyForDeploymentPostprocessing = 0;
		};
		B8A93B312AF62DB800A220C7 /* Sources */ = {
			isa = PBXSourcesBuildPhase;
			buildActionMask = 2147483647;
			files = (
			);
			runOnlyForDeploymentPostprocessing = 0;
		};
		B8A93B3B2AF62DB800A220C7 /* Sources */ = {
			isa = PBXSourcesBuildPhase;
			buildActionMask = 2147483647;
			files = (
			);
			runOnlyForDeploymentPostprocessing = 0;
		};
/* End PBXSourcesBuildPhase section */

/* Begin PBXTargetDependency section */
		B8A93B0F2AF62DB700A220C7 /* PBXTargetDependency */ = {
			isa = PBXTargetDependency;
			target = B8A93AFC2AF62DB600A220C7 /* cokcok */;
			targetProxy = B8A93B0E2AF62DB700A220C7 /* PBXContainerItemProxy */;
		};
		B8A93B192AF62DB700A220C7 /* PBXTargetDependency */ = {
			isa = PBXTargetDependency;
			target = B8A93AFC2AF62DB600A220C7 /* cokcok */;
			targetProxy = B8A93B182AF62DB700A220C7 /* PBXContainerItemProxy */;
		};
		B8A93B262AF62DB700A220C7 /* PBXTargetDependency */ = {
			isa = PBXTargetDependency;
			target = B8A93B222AF62DB700A220C7 /* cokcok Watch App */;
			targetProxy = B8A93B252AF62DB700A220C7 /* PBXContainerItemProxy */;
		};
		B8A93B372AF62DB800A220C7 /* PBXTargetDependency */ = {
			isa = PBXTargetDependency;
			target = B8A93B222AF62DB700A220C7 /* cokcok Watch App */;
			targetProxy = B8A93B362AF62DB800A220C7 /* PBXContainerItemProxy */;
		};
		B8A93B412AF62DB800A220C7 /* PBXTargetDependency */ = {
			isa = PBXTargetDependency;
			target = B8A93B222AF62DB700A220C7 /* cokcok Watch App */;
			targetProxy = B8A93B402AF62DB800A220C7 /* PBXContainerItemProxy */;
		};
/* End PBXTargetDependency section */

/* Begin XCBuildConfiguration section */
		B8A93B472AF62DB800A220C7 /* Debug */ = {
			isa = XCBuildConfiguration;
			buildSettings = {
				ALWAYS_SEARCH_USER_PATHS = NO;
				ASSETCATALOG_COMPILER_GENERATE_SWIFT_ASSET_SYMBOL_EXTENSIONS = YES;
				CLANG_ANALYZER_NONNULL = YES;
				CLANG_ANALYZER_NUMBER_OBJECT_CONVERSION = YES_AGGRESSIVE;
				CLANG_CXX_LANGUAGE_STANDARD = "gnu++20";
				CLANG_ENABLE_MODULES = YES;
				CLANG_ENABLE_OBJC_ARC = YES;
				CLANG_ENABLE_OBJC_WEAK = YES;
				CLANG_WARN_BLOCK_CAPTURE_AUTORELEASING = YES;
				CLANG_WARN_BOOL_CONVERSION = YES;
				CLANG_WARN_COMMA = YES;
				CLANG_WARN_CONSTANT_CONVERSION = YES;
				CLANG_WARN_DEPRECATED_OBJC_IMPLEMENTATIONS = YES;
				CLANG_WARN_DIRECT_OBJC_ISA_USAGE = YES_ERROR;
				CLANG_WARN_DOCUMENTATION_COMMENTS = YES;
				CLANG_WARN_EMPTY_BODY = YES;
				CLANG_WARN_ENUM_CONVERSION = YES;
				CLANG_WARN_INFINITE_RECURSION = YES;
				CLANG_WARN_INT_CONVERSION = YES;
				CLANG_WARN_NON_LITERAL_NULL_CONVERSION = YES;
				CLANG_WARN_OBJC_IMPLICIT_RETAIN_SELF = YES;
				CLANG_WARN_OBJC_LITERAL_CONVERSION = YES;
				CLANG_WARN_OBJC_ROOT_CLASS = YES_ERROR;
				CLANG_WARN_QUOTED_INCLUDE_IN_FRAMEWORK_HEADER = YES;
				CLANG_WARN_RANGE_LOOP_ANALYSIS = YES;
				CLANG_WARN_STRICT_PROTOTYPES = YES;
				CLANG_WARN_SUSPICIOUS_MOVE = YES;
				CLANG_WARN_UNGUARDED_AVAILABILITY = YES_AGGRESSIVE;
				CLANG_WARN_UNREACHABLE_CODE = YES;
				CLANG_WARN__DUPLICATE_METHOD_MATCH = YES;
				COPY_PHASE_STRIP = NO;
				DEBUG_INFORMATION_FORMAT = dwarf;
				ENABLE_STRICT_OBJC_MSGSEND = YES;
				ENABLE_TESTABILITY = YES;
				ENABLE_USER_SCRIPT_SANDBOXING = YES;
				GCC_C_LANGUAGE_STANDARD = gnu17;
				GCC_DYNAMIC_NO_PIC = NO;
				GCC_NO_COMMON_BLOCKS = YES;
				GCC_OPTIMIZATION_LEVEL = 0;
				GCC_PREPROCESSOR_DEFINITIONS = (
					"DEBUG=1",
					"$(inherited)",
				);
				GCC_WARN_64_TO_32_BIT_CONVERSION = YES;
				GCC_WARN_ABOUT_RETURN_TYPE = YES_ERROR;
				GCC_WARN_UNDECLARED_SELECTOR = YES;
				GCC_WARN_UNINITIALIZED_AUTOS = YES_AGGRESSIVE;
				GCC_WARN_UNUSED_FUNCTION = YES;
				GCC_WARN_UNUSED_VARIABLE = YES;
				LOCALIZATION_PREFERS_STRING_CATALOGS = YES;
				MTL_ENABLE_DEBUG_INFO = INCLUDE_SOURCE;
				MTL_FAST_MATH = YES;
				ONLY_ACTIVE_ARCH = YES;
				SWIFT_ACTIVE_COMPILATION_CONDITIONS = "DEBUG $(inherited)";
				SWIFT_OPTIMIZATION_LEVEL = "-Onone";
			};
			name = Debug;
		};
		B8A93B482AF62DB800A220C7 /* Release */ = {
			isa = XCBuildConfiguration;
			buildSettings = {
				ALWAYS_SEARCH_USER_PATHS = NO;
				ASSETCATALOG_COMPILER_GENERATE_SWIFT_ASSET_SYMBOL_EXTENSIONS = YES;
				CLANG_ANALYZER_NONNULL = YES;
				CLANG_ANALYZER_NUMBER_OBJECT_CONVERSION = YES_AGGRESSIVE;
				CLANG_CXX_LANGUAGE_STANDARD = "gnu++20";
				CLANG_ENABLE_MODULES = YES;
				CLANG_ENABLE_OBJC_ARC = YES;
				CLANG_ENABLE_OBJC_WEAK = YES;
				CLANG_WARN_BLOCK_CAPTURE_AUTORELEASING = YES;
				CLANG_WARN_BOOL_CONVERSION = YES;
				CLANG_WARN_COMMA = YES;
				CLANG_WARN_CONSTANT_CONVERSION = YES;
				CLANG_WARN_DEPRECATED_OBJC_IMPLEMENTATIONS = YES;
				CLANG_WARN_DIRECT_OBJC_ISA_USAGE = YES_ERROR;
				CLANG_WARN_DOCUMENTATION_COMMENTS = YES;
				CLANG_WARN_EMPTY_BODY = YES;
				CLANG_WARN_ENUM_CONVERSION = YES;
				CLANG_WARN_INFINITE_RECURSION = YES;
				CLANG_WARN_INT_CONVERSION = YES;
				CLANG_WARN_NON_LITERAL_NULL_CONVERSION = YES;
				CLANG_WARN_OBJC_IMPLICIT_RETAIN_SELF = YES;
				CLANG_WARN_OBJC_LITERAL_CONVERSION = YES;
				CLANG_WARN_OBJC_ROOT_CLASS = YES_ERROR;
				CLANG_WARN_QUOTED_INCLUDE_IN_FRAMEWORK_HEADER = YES;
				CLANG_WARN_RANGE_LOOP_ANALYSIS = YES;
				CLANG_WARN_STRICT_PROTOTYPES = YES;
				CLANG_WARN_SUSPICIOUS_MOVE = YES;
				CLANG_WARN_UNGUARDED_AVAILABILITY = YES_AGGRESSIVE;
				CLANG_WARN_UNREACHABLE_CODE = YES;
				CLANG_WARN__DUPLICATE_METHOD_MATCH = YES;
				COPY_PHASE_STRIP = NO;
				DEBUG_INFORMATION_FORMAT = "dwarf-with-dsym";
				ENABLE_NS_ASSERTIONS = NO;
				ENABLE_STRICT_OBJC_MSGSEND = YES;
				ENABLE_USER_SCRIPT_SANDBOXING = YES;
				GCC_C_LANGUAGE_STANDARD = gnu17;
				GCC_NO_COMMON_BLOCKS = YES;
				GCC_WARN_64_TO_32_BIT_CONVERSION = YES;
				GCC_WARN_ABOUT_RETURN_TYPE = YES_ERROR;
				GCC_WARN_UNDECLARED_SELECTOR = YES;
				GCC_WARN_UNINITIALIZED_AUTOS = YES_AGGRESSIVE;
				GCC_WARN_UNUSED_FUNCTION = YES;
				GCC_WARN_UNUSED_VARIABLE = YES;
				LOCALIZATION_PREFERS_STRING_CATALOGS = YES;
				MTL_ENABLE_DEBUG_INFO = NO;
				MTL_FAST_MATH = YES;
				SWIFT_COMPILATION_MODE = wholemodule;
			};
			name = Release;
		};
		B8A93B4A2AF62DB800A220C7 /* Debug */ = {
			isa = XCBuildConfiguration;
			buildSettings = {
				ASSETCATALOG_COMPILER_APPICON_NAME = AppIcon;
				ASSETCATALOG_COMPILER_GLOBAL_ACCENT_COLOR_NAME = AccentColor;
				CODE_SIGN_ENTITLEMENTS = "cokcok Watch App/cokcok Watch App.entitlements";
				CODE_SIGN_STYLE = Automatic;
				CURRENT_PROJECT_VERSION = 1;
				DEVELOPMENT_ASSET_PATHS = "\"cokcok Watch App/Preview Content\"";
				DEVELOPMENT_TEAM = XQ4N3Y5X6L;
				ENABLE_PREVIEWS = YES;
				GENERATE_INFOPLIST_FILE = YES;
				INFOPLIST_FILE = "cokcok-Watch-App-Info.plist";
				INFOPLIST_KEY_CFBundleDisplayName = cokcok;
				INFOPLIST_KEY_UISupportedInterfaceOrientations = "UIInterfaceOrientationPortrait UIInterfaceOrientationPortraitUpsideDown";
				INFOPLIST_KEY_WKCompanionAppBundleIdentifier = com.uos.cokcok;
				LD_RUNPATH_SEARCH_PATHS = (
					"$(inherited)",
					"@executable_path/Frameworks",
				);
				MARKETING_VERSION = 1.0;
				PRODUCT_BUNDLE_IDENTIFIER = com.uos.cokcok.watchkitapp;
				PRODUCT_NAME = "$(TARGET_NAME)";
				SDKROOT = watchos;
				SKIP_INSTALL = YES;
				SWIFT_EMIT_LOC_STRINGS = YES;
				SWIFT_VERSION = 5.0;
				TARGETED_DEVICE_FAMILY = 4;
				WATCHOS_DEPLOYMENT_TARGET = 10.0;
			};
			name = Debug;
		};
		B8A93B4B2AF62DB800A220C7 /* Release */ = {
			isa = XCBuildConfiguration;
			buildSettings = {
				ASSETCATALOG_COMPILER_APPICON_NAME = AppIcon;
				ASSETCATALOG_COMPILER_GLOBAL_ACCENT_COLOR_NAME = AccentColor;
				CODE_SIGN_ENTITLEMENTS = "cokcok Watch App/cokcok Watch App.entitlements";
				CODE_SIGN_STYLE = Automatic;
				CURRENT_PROJECT_VERSION = 1;
				DEVELOPMENT_ASSET_PATHS = "\"cokcok Watch App/Preview Content\"";
				DEVELOPMENT_TEAM = XQ4N3Y5X6L;
				ENABLE_PREVIEWS = YES;
				GENERATE_INFOPLIST_FILE = YES;
				INFOPLIST_FILE = "cokcok-Watch-App-Info.plist";
				INFOPLIST_KEY_CFBundleDisplayName = cokcok;
				INFOPLIST_KEY_UISupportedInterfaceOrientations = "UIInterfaceOrientationPortrait UIInterfaceOrientationPortraitUpsideDown";
				INFOPLIST_KEY_WKCompanionAppBundleIdentifier = com.uos.cokcok;
				LD_RUNPATH_SEARCH_PATHS = (
					"$(inherited)",
					"@executable_path/Frameworks",
				);
				MARKETING_VERSION = 1.0;
				PRODUCT_BUNDLE_IDENTIFIER = com.uos.cokcok.watchkitapp;
				PRODUCT_NAME = "$(TARGET_NAME)";
				SDKROOT = watchos;
				SKIP_INSTALL = YES;
				SWIFT_EMIT_LOC_STRINGS = YES;
				SWIFT_VERSION = 5.0;
				TARGETED_DEVICE_FAMILY = 4;
				VALIDATE_PRODUCT = YES;
				WATCHOS_DEPLOYMENT_TARGET = 10.0;
			};
			name = Release;
		};
		B8A93B4E2AF62DB800A220C7 /* Debug */ = {
			isa = XCBuildConfiguration;
			buildSettings = {
				ALWAYS_EMBED_SWIFT_STANDARD_LIBRARIES = YES;
				ASSETCATALOG_COMPILER_APPICON_NAME = AppIcon;
				ASSETCATALOG_COMPILER_GLOBAL_ACCENT_COLOR_NAME = AccentColor;
				CODE_SIGN_ENTITLEMENTS = cokcok/cokcok.entitlements;
				CODE_SIGN_STYLE = Automatic;
				CURRENT_PROJECT_VERSION = 1;
				DEVELOPMENT_ASSET_PATHS = "\"cokcok/Preview Content\"";
				DEVELOPMENT_TEAM = XQ4N3Y5X6L;
				ENABLE_PREVIEWS = YES;
				GENERATE_INFOPLIST_FILE = YES;
				INFOPLIST_FILE = cokcok/Info.plist;
				INFOPLIST_KEY_CFBundleDisplayName = cokcok;
				INFOPLIST_KEY_LSApplicationCategoryType = "public.app-category.sports";
				INFOPLIST_KEY_NSCameraUsageDescription = "사용자의 스윙 동작을 분석하기 위해 카메라가 사용됩니다.";
				INFOPLIST_KEY_UIApplicationSceneManifest_Generation = YES;
				INFOPLIST_KEY_UIApplicationSupportsIndirectInputEvents = YES;
				INFOPLIST_KEY_UILaunchScreen_Generation = YES;
				INFOPLIST_KEY_UISupportedInterfaceOrientations = "UIInterfaceOrientationLandscapeLeft UIInterfaceOrientationLandscapeRight UIInterfaceOrientationPortrait";
				INFOPLIST_KEY_UISupportedInterfaceOrientations_iPad = "UIInterfaceOrientationLandscapeLeft UIInterfaceOrientationLandscapeRight UIInterfaceOrientationPortrait UIInterfaceOrientationPortraitUpsideDown";
				INFOPLIST_KEY_UISupportsDocumentBrowser = YES;
				IPHONEOS_DEPLOYMENT_TARGET = 16.0;
				LD_RUNPATH_SEARCH_PATHS = (
					"$(inherited)",
					"@executable_path/Frameworks",
				);
				MARKETING_VERSION = 1.0;
				PRODUCT_BUNDLE_IDENTIFIER = com.uos.cokcok;
				PRODUCT_NAME = "$(TARGET_NAME)";
				SDKROOT = iphoneos;
				SWIFT_EMIT_LOC_STRINGS = YES;
				SWIFT_VERSION = 5.0;
				TARGETED_DEVICE_FAMILY = "1,2";
			};
			name = Debug;
		};
		B8A93B4F2AF62DB800A220C7 /* Release */ = {
			isa = XCBuildConfiguration;
			buildSettings = {
				ALWAYS_EMBED_SWIFT_STANDARD_LIBRARIES = YES;
				ASSETCATALOG_COMPILER_APPICON_NAME = AppIcon;
				ASSETCATALOG_COMPILER_GLOBAL_ACCENT_COLOR_NAME = AccentColor;
				CODE_SIGN_ENTITLEMENTS = cokcok/cokcok.entitlements;
				CODE_SIGN_STYLE = Automatic;
				CURRENT_PROJECT_VERSION = 1;
				DEVELOPMENT_ASSET_PATHS = "\"cokcok/Preview Content\"";
				DEVELOPMENT_TEAM = XQ4N3Y5X6L;
				ENABLE_PREVIEWS = YES;
				GENERATE_INFOPLIST_FILE = YES;
				INFOPLIST_FILE = cokcok/Info.plist;
				INFOPLIST_KEY_CFBundleDisplayName = cokcok;
				INFOPLIST_KEY_LSApplicationCategoryType = "public.app-category.sports";
				INFOPLIST_KEY_NSCameraUsageDescription = "사용자의 스윙 동작을 분석하기 위해 카메라가 사용됩니다.";
				INFOPLIST_KEY_UIApplicationSceneManifest_Generation = YES;
				INFOPLIST_KEY_UIApplicationSupportsIndirectInputEvents = YES;
				INFOPLIST_KEY_UILaunchScreen_Generation = YES;
				INFOPLIST_KEY_UISupportedInterfaceOrientations = "UIInterfaceOrientationLandscapeLeft UIInterfaceOrientationLandscapeRight UIInterfaceOrientationPortrait";
				INFOPLIST_KEY_UISupportedInterfaceOrientations_iPad = "UIInterfaceOrientationLandscapeLeft UIInterfaceOrientationLandscapeRight UIInterfaceOrientationPortrait UIInterfaceOrientationPortraitUpsideDown";
				INFOPLIST_KEY_UISupportsDocumentBrowser = YES;
				IPHONEOS_DEPLOYMENT_TARGET = 16.0;
				LD_RUNPATH_SEARCH_PATHS = (
					"$(inherited)",
					"@executable_path/Frameworks",
				);
				MARKETING_VERSION = 1.0;
				PRODUCT_BUNDLE_IDENTIFIER = com.uos.cokcok;
				PRODUCT_NAME = "$(TARGET_NAME)";
				SDKROOT = iphoneos;
				SWIFT_EMIT_LOC_STRINGS = YES;
				SWIFT_VERSION = 5.0;
				TARGETED_DEVICE_FAMILY = "1,2";
				VALIDATE_PRODUCT = YES;
			};
			name = Release;
		};
		B8A93B512AF62DB800A220C7 /* Debug */ = {
			isa = XCBuildConfiguration;
			buildSettings = {
				ALWAYS_EMBED_SWIFT_STANDARD_LIBRARIES = YES;
				BUNDLE_LOADER = "$(TEST_HOST)";
				CODE_SIGN_STYLE = Automatic;
				CURRENT_PROJECT_VERSION = 1;
				DEVELOPMENT_TEAM = XQ4N3Y5X6L;
				GENERATE_INFOPLIST_FILE = YES;
				IPHONEOS_DEPLOYMENT_TARGET = 17.0;
				MARKETING_VERSION = 1.0;
				PRODUCT_BUNDLE_IDENTIFIER = com.uos.cokcokTests;
				PRODUCT_NAME = "$(TARGET_NAME)";
				SDKROOT = iphoneos;
				SWIFT_EMIT_LOC_STRINGS = NO;
				SWIFT_VERSION = 5.0;
				TARGETED_DEVICE_FAMILY = "1,2";
				TEST_HOST = "$(BUILT_PRODUCTS_DIR)/cokcok.app/$(BUNDLE_EXECUTABLE_FOLDER_PATH)/cokcok";
			};
			name = Debug;
		};
		B8A93B522AF62DB800A220C7 /* Release */ = {
			isa = XCBuildConfiguration;
			buildSettings = {
				ALWAYS_EMBED_SWIFT_STANDARD_LIBRARIES = YES;
				BUNDLE_LOADER = "$(TEST_HOST)";
				CODE_SIGN_STYLE = Automatic;
				CURRENT_PROJECT_VERSION = 1;
				DEVELOPMENT_TEAM = XQ4N3Y5X6L;
				GENERATE_INFOPLIST_FILE = YES;
				IPHONEOS_DEPLOYMENT_TARGET = 17.0;
				MARKETING_VERSION = 1.0;
				PRODUCT_BUNDLE_IDENTIFIER = com.uos.cokcokTests;
				PRODUCT_NAME = "$(TARGET_NAME)";
				SDKROOT = iphoneos;
				SWIFT_EMIT_LOC_STRINGS = NO;
				SWIFT_VERSION = 5.0;
				TARGETED_DEVICE_FAMILY = "1,2";
				TEST_HOST = "$(BUILT_PRODUCTS_DIR)/cokcok.app/$(BUNDLE_EXECUTABLE_FOLDER_PATH)/cokcok";
				VALIDATE_PRODUCT = YES;
			};
			name = Release;
		};
		B8A93B542AF62DB800A220C7 /* Debug */ = {
			isa = XCBuildConfiguration;
			buildSettings = {
				ALWAYS_EMBED_SWIFT_STANDARD_LIBRARIES = YES;
				CODE_SIGN_STYLE = Automatic;
				CURRENT_PROJECT_VERSION = 1;
				DEVELOPMENT_TEAM = XQ4N3Y5X6L;
				GENERATE_INFOPLIST_FILE = YES;
				IPHONEOS_DEPLOYMENT_TARGET = 17.0;
				MARKETING_VERSION = 1.0;
				PRODUCT_BUNDLE_IDENTIFIER = com.uos.cokcokUITests;
				PRODUCT_NAME = "$(TARGET_NAME)";
				SDKROOT = iphoneos;
				SWIFT_EMIT_LOC_STRINGS = NO;
				SWIFT_VERSION = 5.0;
				TARGETED_DEVICE_FAMILY = "1,2";
				TEST_TARGET_NAME = cokcok;
			};
			name = Debug;
		};
		B8A93B552AF62DB800A220C7 /* Release */ = {
			isa = XCBuildConfiguration;
			buildSettings = {
				ALWAYS_EMBED_SWIFT_STANDARD_LIBRARIES = YES;
				CODE_SIGN_STYLE = Automatic;
				CURRENT_PROJECT_VERSION = 1;
				DEVELOPMENT_TEAM = XQ4N3Y5X6L;
				GENERATE_INFOPLIST_FILE = YES;
				IPHONEOS_DEPLOYMENT_TARGET = 17.0;
				MARKETING_VERSION = 1.0;
				PRODUCT_BUNDLE_IDENTIFIER = com.uos.cokcokUITests;
				PRODUCT_NAME = "$(TARGET_NAME)";
				SDKROOT = iphoneos;
				SWIFT_EMIT_LOC_STRINGS = NO;
				SWIFT_VERSION = 5.0;
				TARGETED_DEVICE_FAMILY = "1,2";
				TEST_TARGET_NAME = cokcok;
				VALIDATE_PRODUCT = YES;
			};
			name = Release;
		};
		B8A93B572AF62DB800A220C7 /* Debug */ = {
			isa = XCBuildConfiguration;
			buildSettings = {
				ALWAYS_EMBED_SWIFT_STANDARD_LIBRARIES = YES;
				BUNDLE_LOADER = "$(TEST_HOST)";
				CODE_SIGN_STYLE = Automatic;
				CURRENT_PROJECT_VERSION = 1;
				DEVELOPMENT_TEAM = XQ4N3Y5X6L;
				GENERATE_INFOPLIST_FILE = YES;
				MARKETING_VERSION = 1.0;
				PRODUCT_BUNDLE_IDENTIFIER = "com.uos.cokcok-Watch-AppTests";
				PRODUCT_NAME = "$(TARGET_NAME)";
				SDKROOT = watchos;
				SWIFT_EMIT_LOC_STRINGS = NO;
				SWIFT_VERSION = 5.0;
				TARGETED_DEVICE_FAMILY = 4;
				TEST_HOST = "$(BUILT_PRODUCTS_DIR)/cokcok Watch App.app/$(BUNDLE_EXECUTABLE_FOLDER_PATH)/cokcok Watch App";
				WATCHOS_DEPLOYMENT_TARGET = 10.0;
			};
			name = Debug;
		};
		B8A93B582AF62DB800A220C7 /* Release */ = {
			isa = XCBuildConfiguration;
			buildSettings = {
				ALWAYS_EMBED_SWIFT_STANDARD_LIBRARIES = YES;
				BUNDLE_LOADER = "$(TEST_HOST)";
				CODE_SIGN_STYLE = Automatic;
				CURRENT_PROJECT_VERSION = 1;
				DEVELOPMENT_TEAM = XQ4N3Y5X6L;
				GENERATE_INFOPLIST_FILE = YES;
				MARKETING_VERSION = 1.0;
				PRODUCT_BUNDLE_IDENTIFIER = "com.uos.cokcok-Watch-AppTests";
				PRODUCT_NAME = "$(TARGET_NAME)";
				SDKROOT = watchos;
				SWIFT_EMIT_LOC_STRINGS = NO;
				SWIFT_VERSION = 5.0;
				TARGETED_DEVICE_FAMILY = 4;
				TEST_HOST = "$(BUILT_PRODUCTS_DIR)/cokcok Watch App.app/$(BUNDLE_EXECUTABLE_FOLDER_PATH)/cokcok Watch App";
				VALIDATE_PRODUCT = YES;
				WATCHOS_DEPLOYMENT_TARGET = 10.0;
			};
			name = Release;
		};
		B8A93B5A2AF62DB800A220C7 /* Debug */ = {
			isa = XCBuildConfiguration;
			buildSettings = {
				ALWAYS_EMBED_SWIFT_STANDARD_LIBRARIES = YES;
				CODE_SIGN_STYLE = Automatic;
				CURRENT_PROJECT_VERSION = 1;
				DEVELOPMENT_TEAM = XQ4N3Y5X6L;
				GENERATE_INFOPLIST_FILE = YES;
				MARKETING_VERSION = 1.0;
				PRODUCT_BUNDLE_IDENTIFIER = "com.uos.cokcok-Watch-AppUITests";
				PRODUCT_NAME = "$(TARGET_NAME)";
				SDKROOT = watchos;
				SWIFT_EMIT_LOC_STRINGS = NO;
				SWIFT_VERSION = 5.0;
				TARGETED_DEVICE_FAMILY = 4;
				TEST_TARGET_NAME = "cokcok Watch App";
				WATCHOS_DEPLOYMENT_TARGET = 10.0;
			};
			name = Debug;
		};
		B8A93B5B2AF62DB800A220C7 /* Release */ = {
			isa = XCBuildConfiguration;
			buildSettings = {
				ALWAYS_EMBED_SWIFT_STANDARD_LIBRARIES = YES;
				CODE_SIGN_STYLE = Automatic;
				CURRENT_PROJECT_VERSION = 1;
				DEVELOPMENT_TEAM = XQ4N3Y5X6L;
				GENERATE_INFOPLIST_FILE = YES;
				MARKETING_VERSION = 1.0;
				PRODUCT_BUNDLE_IDENTIFIER = "com.uos.cokcok-Watch-AppUITests";
				PRODUCT_NAME = "$(TARGET_NAME)";
				SDKROOT = watchos;
				SWIFT_EMIT_LOC_STRINGS = NO;
				SWIFT_VERSION = 5.0;
				TARGETED_DEVICE_FAMILY = 4;
				TEST_TARGET_NAME = "cokcok Watch App";
				VALIDATE_PRODUCT = YES;
				WATCHOS_DEPLOYMENT_TARGET = 10.0;
			};
			name = Release;
		};
/* End XCBuildConfiguration section */

/* Begin XCConfigurationList section */
		B8A93AF82AF62DB600A220C7 /* Build configuration list for PBXProject "cokcok" */ = {
			isa = XCConfigurationList;
			buildConfigurations = (
				B8A93B472AF62DB800A220C7 /* Debug */,
				B8A93B482AF62DB800A220C7 /* Release */,
			);
			defaultConfigurationIsVisible = 0;
			defaultConfigurationName = Release;
		};
		B8A93B492AF62DB800A220C7 /* Build configuration list for PBXNativeTarget "cokcok Watch App" */ = {
			isa = XCConfigurationList;
			buildConfigurations = (
				B8A93B4A2AF62DB800A220C7 /* Debug */,
				B8A93B4B2AF62DB800A220C7 /* Release */,
			);
			defaultConfigurationIsVisible = 0;
			defaultConfigurationName = Release;
		};
		B8A93B4D2AF62DB800A220C7 /* Build configuration list for PBXNativeTarget "cokcok" */ = {
			isa = XCConfigurationList;
			buildConfigurations = (
				B8A93B4E2AF62DB800A220C7 /* Debug */,
				B8A93B4F2AF62DB800A220C7 /* Release */,
			);
			defaultConfigurationIsVisible = 0;
			defaultConfigurationName = Release;
		};
		B8A93B502AF62DB800A220C7 /* Build configuration list for PBXNativeTarget "cokcokTests" */ = {
			isa = XCConfigurationList;
			buildConfigurations = (
				B8A93B512AF62DB800A220C7 /* Debug */,
				B8A93B522AF62DB800A220C7 /* Release */,
			);
			defaultConfigurationIsVisible = 0;
			defaultConfigurationName = Release;
		};
		B8A93B532AF62DB800A220C7 /* Build configuration list for PBXNativeTarget "cokcokUITests" */ = {
			isa = XCConfigurationList;
			buildConfigurations = (
				B8A93B542AF62DB800A220C7 /* Debug */,
				B8A93B552AF62DB800A220C7 /* Release */,
			);
			defaultConfigurationIsVisible = 0;
			defaultConfigurationName = Release;
		};
		B8A93B562AF62DB800A220C7 /* Build configuration list for PBXNativeTarget "cokcok Watch AppTests" */ = {
			isa = XCConfigurationList;
			buildConfigurations = (
				B8A93B572AF62DB800A220C7 /* Debug */,
				B8A93B582AF62DB800A220C7 /* Release */,
			);
			defaultConfigurationIsVisible = 0;
			defaultConfigurationName = Release;
		};
		B8A93B592AF62DB800A220C7 /* Build configuration list for PBXNativeTarget "cokcok Watch AppUITests" */ = {
			isa = XCConfigurationList;
			buildConfigurations = (
				B8A93B5A2AF62DB800A220C7 /* Debug */,
				B8A93B5B2AF62DB800A220C7 /* Release */,
			);
			defaultConfigurationIsVisible = 0;
			defaultConfigurationName = Release;
		};
/* End XCConfigurationList section */

/* Begin XCRemoteSwiftPackageReference section */
		B804F3402B0C94150088B4EF /* XCRemoteSwiftPackageReference "kakao-ios-sdk" */ = {
			isa = XCRemoteSwiftPackageReference;
			repositoryURL = "https://github.com/kakao/kakao-ios-sdk";
			requirement = {
				kind = upToNextMajorVersion;
				minimumVersion = 2.19.0;
			};
		};
		B8AB85142B08E29A00361F86 /* XCRemoteSwiftPackageReference "firebase-ios-sdk" */ = {
			isa = XCRemoteSwiftPackageReference;
			repositoryURL = "https://github.com/firebase/firebase-ios-sdk";
			requirement = {
				kind = upToNextMajorVersion;
				minimumVersion = 10.18.0;
			};
		};
		B8AB85172B08E2E100361F86 /* XCRemoteSwiftPackageReference "GoogleSignIn-iOS" */ = {
			isa = XCRemoteSwiftPackageReference;
			repositoryURL = "https://github.com/google/GoogleSignIn-iOS";
			requirement = {
				kind = upToNextMajorVersion;
				minimumVersion = 7.0.0;
			};
		};
/* End XCRemoteSwiftPackageReference section */

/* Begin XCSwiftPackageProductDependency section */
		B804F3412B0C94150088B4EF /* KakaoSDKAuth */ = {
			isa = XCSwiftPackageProductDependency;
			package = B804F3402B0C94150088B4EF /* XCRemoteSwiftPackageReference "kakao-ios-sdk" */;
			productName = KakaoSDKAuth;
		};
		B804F3432B0C94150088B4EF /* KakaoSDKCommon */ = {
			isa = XCSwiftPackageProductDependency;
			package = B804F3402B0C94150088B4EF /* XCRemoteSwiftPackageReference "kakao-ios-sdk" */;
			productName = KakaoSDKCommon;
		};
		B804F3452B0C94150088B4EF /* KakaoSDKUser */ = {
			isa = XCSwiftPackageProductDependency;
			package = B804F3402B0C94150088B4EF /* XCRemoteSwiftPackageReference "kakao-ios-sdk" */;
			productName = KakaoSDKUser;
		};
		B8AB85152B08E29A00361F86 /* FirebaseAuth */ = {
			isa = XCSwiftPackageProductDependency;
			package = B8AB85142B08E29A00361F86 /* XCRemoteSwiftPackageReference "firebase-ios-sdk" */;
			productName = FirebaseAuth;
		};
		B8AB85182B08E2E100361F86 /* GoogleSignIn */ = {
			isa = XCSwiftPackageProductDependency;
			package = B8AB85172B08E2E100361F86 /* XCRemoteSwiftPackageReference "GoogleSignIn-iOS" */;
			productName = GoogleSignIn;
		};
		B8AB851A2B08E2E100361F86 /* GoogleSignInSwift */ = {
			isa = XCSwiftPackageProductDependency;
			package = B8AB85172B08E2E100361F86 /* XCRemoteSwiftPackageReference "GoogleSignIn-iOS" */;
			productName = GoogleSignInSwift;
		};
/* End XCSwiftPackageProductDependency section */
	};
	rootObject = B8A93AF52AF62DB600A220C7 /* Project object */;
}
